// !$*UTF8*$!
{
	archiveVersion = 1;
	classes = {
	};
	objectVersion = 46;
	objects = {

/* Begin PBXBuildFile section */
		6C609FBDEB0A985B9CF83F5A /* libPods-SongDecider.a in Frameworks */ = {isa = PBXBuildFile; fileRef = B037ECEC7792572C7ADB42DF /* libPods-SongDecider.a */; };
		964BE7BD1B2F8A24000B6DB2 /* Song.m in Sources */ = {isa = PBXBuildFile; fileRef = 964BE7BC1B2F8A24000B6DB2 /* Song.m */; };
		965C21321B38B6FA00B3B76F /* GenreCell.m in Sources */ = {isa = PBXBuildFile; fileRef = 965C21311B38B6FA00B3B76F /* GenreCell.m */; };
		965C21351B38B74300B3B76F /* Genre.m in Sources */ = {isa = PBXBuildFile; fileRef = 965C21341B38B74300B3B76F /* Genre.m */; };
		967466901B55AA7700EC17DE /* GenreList.plist in Resources */ = {isa = PBXBuildFile; fileRef = 9674668F1B55AA7700EC17DE /* GenreList.plist */; };
		969406311B3B684600C63E72 /* Playlist.m in Sources */ = {isa = PBXBuildFile; fileRef = 969406301B3B684600C63E72 /* Playlist.m */; };
		96972EAB1B31044100502227 /* PlaylistCell.m in Sources */ = {isa = PBXBuildFile; fileRef = 96972EAA1B31044100502227 /* PlaylistCell.m */; };
		C8261FB61B2CD97F00CD0C5B /* main.m in Sources */ = {isa = PBXBuildFile; fileRef = C8261FB51B2CD97F00CD0C5B /* main.m */; };
		C8261FB91B2CD97F00CD0C5B /* AppDelegate.m in Sources */ = {isa = PBXBuildFile; fileRef = C8261FB81B2CD97F00CD0C5B /* AppDelegate.m */; };
		C8261FBC1B2CD97F00CD0C5B /* LoginController.m in Sources */ = {isa = PBXBuildFile; fileRef = C8261FBB1B2CD97F00CD0C5B /* LoginController.m */; };
		C8261FBF1B2CD97F00CD0C5B /* Main.storyboard in Resources */ = {isa = PBXBuildFile; fileRef = C8261FBD1B2CD97F00CD0C5B /* Main.storyboard */; };
		C8261FC11B2CD97F00CD0C5B /* Images.xcassets in Resources */ = {isa = PBXBuildFile; fileRef = C8261FC01B2CD97F00CD0C5B /* Images.xcassets */; };
		C8261FC41B2CD97F00CD0C5B /* LaunchScreen.xib in Resources */ = {isa = PBXBuildFile; fileRef = C8261FC21B2CD97F00CD0C5B /* LaunchScreen.xib */; };
		C8261FD01B2CD98000CD0C5B /* SongDeciderTests.m in Sources */ = {isa = PBXBuildFile; fileRef = C8261FCF1B2CD98000CD0C5B /* SongDeciderTests.m */; };
		C8261FDC1B2CE7D700CD0C5B /* AudioToolbox.framework in Frameworks */ = {isa = PBXBuildFile; fileRef = C8261FDB1B2CE7D700CD0C5B /* AudioToolbox.framework */; };
		C8261FDE1B2CE7DC00CD0C5B /* CFNetwork.framework in Frameworks */ = {isa = PBXBuildFile; fileRef = C8261FDD1B2CE7DC00CD0C5B /* CFNetwork.framework */; };
		C8261FE01B2CE7E900CD0C5B /* CoreGraphics.framework in Frameworks */ = {isa = PBXBuildFile; fileRef = C8261FDF1B2CE7E900CD0C5B /* CoreGraphics.framework */; };
		C8261FE21B2CE7EE00CD0C5B /* CoreMedia.framework in Frameworks */ = {isa = PBXBuildFile; fileRef = C8261FE11B2CE7EE00CD0C5B /* CoreMedia.framework */; };
		C8261FE41B2CE7F700CD0C5B /* Security.framework in Frameworks */ = {isa = PBXBuildFile; fileRef = C8261FE31B2CE7F700CD0C5B /* Security.framework */; };
		C8261FE61B2CE80400CD0C5B /* SystemConfiguration.framework in Frameworks */ = {isa = PBXBuildFile; fileRef = C8261FE51B2CE80400CD0C5B /* SystemConfiguration.framework */; };
		C8261FE81B2CE86A00CD0C5B /* Rdio.framework in Frameworks */ = {isa = PBXBuildFile; fileRef = C8261FE71B2CE86A00CD0C5B /* Rdio.framework */; };
		C830A5141B2F5C09009F4FDE /* RdioManager.m in Sources */ = {isa = PBXBuildFile; fileRef = C830A5131B2F5C09009F4FDE /* RdioManager.m */; };
		C830A5171B2F7ED9009F4FDE /* MainViewController.m in Sources */ = {isa = PBXBuildFile; fileRef = C830A5161B2F7ED9009F4FDE /* MainViewController.m */; };
		C830A51A1B2F7EFC009F4FDE /* PlaylistController.m in Sources */ = {isa = PBXBuildFile; fileRef = C830A5191B2F7EFC009F4FDE /* PlaylistController.m */; };
		C830A51D1B2F7F29009F4FDE /* DetailViewController.m in Sources */ = {isa = PBXBuildFile; fileRef = C830A51C1B2F7F29009F4FDE /* DetailViewController.m */; };
		C86F15391B309A85003745BD /* ArtworkView.m in Sources */ = {isa = PBXBuildFile; fileRef = C86F15381B309A85003745BD /* ArtworkView.m */; };
		C8A70FA31B31E83000F97BBC /* ArtworkContainerController.m in Sources */ = {isa = PBXBuildFile; fileRef = C8A70FA21B31E83000F97BBC /* ArtworkContainerController.m */; };
/* End PBXBuildFile section */

/* Begin PBXContainerItemProxy section */
		C8261FCA1B2CD98000CD0C5B /* PBXContainerItemProxy */ = {
			isa = PBXContainerItemProxy;
			containerPortal = C8261FA81B2CD97F00CD0C5B /* Project object */;
			proxyType = 1;
			remoteGlobalIDString = C8261FAF1B2CD97F00CD0C5B;
			remoteInfo = SongDecider;
		};
/* End PBXContainerItemProxy section */

/* Begin PBXFileReference section */
		964BE7BB1B2F8A24000B6DB2 /* Song.h */ = {isa = PBXFileReference; fileEncoding = 4; lastKnownFileType = sourcecode.c.h; path = Song.h; sourceTree = "<group>"; };
		964BE7BC1B2F8A24000B6DB2 /* Song.m */ = {isa = PBXFileReference; fileEncoding = 4; lastKnownFileType = sourcecode.c.objc; path = Song.m; sourceTree = "<group>"; };
		965C21301B38B6FA00B3B76F /* GenreCell.h */ = {isa = PBXFileReference; fileEncoding = 4; lastKnownFileType = sourcecode.c.h; path = GenreCell.h; sourceTree = "<group>"; };
		965C21311B38B6FA00B3B76F /* GenreCell.m */ = {isa = PBXFileReference; fileEncoding = 4; lastKnownFileType = sourcecode.c.objc; path = GenreCell.m; sourceTree = "<group>"; };
		965C21331B38B74300B3B76F /* Genre.h */ = {isa = PBXFileReference; fileEncoding = 4; lastKnownFileType = sourcecode.c.h; path = Genre.h; sourceTree = "<group>"; };
		965C21341B38B74300B3B76F /* Genre.m */ = {isa = PBXFileReference; fileEncoding = 4; lastKnownFileType = sourcecode.c.objc; path = Genre.m; sourceTree = "<group>"; };
		9674668F1B55AA7700EC17DE /* GenreList.plist */ = {isa = PBXFileReference; fileEncoding = 4; lastKnownFileType = text.plist.xml; path = GenreList.plist; sourceTree = "<group>"; };
		9694062F1B3B684600C63E72 /* Playlist.h */ = {isa = PBXFileReference; fileEncoding = 4; lastKnownFileType = sourcecode.c.h; path = Playlist.h; sourceTree = "<group>"; };
		969406301B3B684600C63E72 /* Playlist.m */ = {isa = PBXFileReference; fileEncoding = 4; lastKnownFileType = sourcecode.c.objc; path = Playlist.m; sourceTree = "<group>"; };
		96972EA91B31044100502227 /* PlaylistCell.h */ = {isa = PBXFileReference; fileEncoding = 4; lastKnownFileType = sourcecode.c.h; path = PlaylistCell.h; sourceTree = "<group>"; };
		96972EAA1B31044100502227 /* PlaylistCell.m */ = {isa = PBXFileReference; fileEncoding = 4; lastKnownFileType = sourcecode.c.objc; path = PlaylistCell.m; sourceTree = "<group>"; };
		ACDE25E59A6210BD28FF8E0B /* Pods-SongDecider.debug.xcconfig */ = {isa = PBXFileReference; includeInIndex = 1; lastKnownFileType = text.xcconfig; name = "Pods-SongDecider.debug.xcconfig"; path = "Pods/Target Support Files/Pods-SongDecider/Pods-SongDecider.debug.xcconfig"; sourceTree = "<group>"; };
		B037ECEC7792572C7ADB42DF /* libPods-SongDecider.a */ = {isa = PBXFileReference; explicitFileType = archive.ar; includeInIndex = 0; path = "libPods-SongDecider.a"; sourceTree = BUILT_PRODUCTS_DIR; };
		C8261FB01B2CD97F00CD0C5B /* Adio.app */ = {isa = PBXFileReference; explicitFileType = wrapper.application; includeInIndex = 0; path = Adio.app; sourceTree = BUILT_PRODUCTS_DIR; };
		C8261FB41B2CD97F00CD0C5B /* Info.plist */ = {isa = PBXFileReference; lastKnownFileType = text.plist.xml; path = Info.plist; sourceTree = "<group>"; };
		C8261FB51B2CD97F00CD0C5B /* main.m */ = {isa = PBXFileReference; lastKnownFileType = sourcecode.c.objc; path = main.m; sourceTree = "<group>"; };
		C8261FB71B2CD97F00CD0C5B /* AppDelegate.h */ = {isa = PBXFileReference; lastKnownFileType = sourcecode.c.h; path = AppDelegate.h; sourceTree = "<group>"; };
		C8261FB81B2CD97F00CD0C5B /* AppDelegate.m */ = {isa = PBXFileReference; lastKnownFileType = sourcecode.c.objc; path = AppDelegate.m; sourceTree = "<group>"; };
		C8261FBA1B2CD97F00CD0C5B /* LoginController.h */ = {isa = PBXFileReference; lastKnownFileType = sourcecode.c.h; path = LoginController.h; sourceTree = "<group>"; };
		C8261FBB1B2CD97F00CD0C5B /* LoginController.m */ = {isa = PBXFileReference; lastKnownFileType = sourcecode.c.objc; path = LoginController.m; sourceTree = "<group>"; };
		C8261FBE1B2CD97F00CD0C5B /* Base */ = {isa = PBXFileReference; lastKnownFileType = file.storyboard; name = Base; path = Base.lproj/Main.storyboard; sourceTree = "<group>"; };
		C8261FC01B2CD97F00CD0C5B /* Images.xcassets */ = {isa = PBXFileReference; lastKnownFileType = folder.assetcatalog; path = Images.xcassets; sourceTree = "<group>"; };
		C8261FC31B2CD97F00CD0C5B /* Base */ = {isa = PBXFileReference; lastKnownFileType = file.xib; name = Base; path = Base.lproj/LaunchScreen.xib; sourceTree = "<group>"; };
		C8261FC91B2CD98000CD0C5B /* AdioTests.xctest */ = {isa = PBXFileReference; explicitFileType = wrapper.cfbundle; includeInIndex = 0; path = AdioTests.xctest; sourceTree = BUILT_PRODUCTS_DIR; };
		C8261FCE1B2CD98000CD0C5B /* Info.plist */ = {isa = PBXFileReference; lastKnownFileType = text.plist.xml; path = Info.plist; sourceTree = "<group>"; };
		C8261FCF1B2CD98000CD0C5B /* SongDeciderTests.m */ = {isa = PBXFileReference; lastKnownFileType = sourcecode.c.objc; path = SongDeciderTests.m; sourceTree = "<group>"; };
		C8261FDB1B2CE7D700CD0C5B /* AudioToolbox.framework */ = {isa = PBXFileReference; lastKnownFileType = wrapper.framework; name = AudioToolbox.framework; path = System/Library/Frameworks/AudioToolbox.framework; sourceTree = SDKROOT; };
		C8261FDD1B2CE7DC00CD0C5B /* CFNetwork.framework */ = {isa = PBXFileReference; lastKnownFileType = wrapper.framework; name = CFNetwork.framework; path = System/Library/Frameworks/CFNetwork.framework; sourceTree = SDKROOT; };
		C8261FDF1B2CE7E900CD0C5B /* CoreGraphics.framework */ = {isa = PBXFileReference; lastKnownFileType = wrapper.framework; name = CoreGraphics.framework; path = System/Library/Frameworks/CoreGraphics.framework; sourceTree = SDKROOT; };
		C8261FE11B2CE7EE00CD0C5B /* CoreMedia.framework */ = {isa = PBXFileReference; lastKnownFileType = wrapper.framework; name = CoreMedia.framework; path = System/Library/Frameworks/CoreMedia.framework; sourceTree = SDKROOT; };
		C8261FE31B2CE7F700CD0C5B /* Security.framework */ = {isa = PBXFileReference; lastKnownFileType = wrapper.framework; name = Security.framework; path = System/Library/Frameworks/Security.framework; sourceTree = SDKROOT; };
		C8261FE51B2CE80400CD0C5B /* SystemConfiguration.framework */ = {isa = PBXFileReference; lastKnownFileType = wrapper.framework; name = SystemConfiguration.framework; path = System/Library/Frameworks/SystemConfiguration.framework; sourceTree = SDKROOT; };
		C8261FE71B2CE86A00CD0C5B /* Rdio.framework */ = {isa = PBXFileReference; lastKnownFileType = wrapper.framework; path = Rdio.framework; sourceTree = "<group>"; };
		C830A5121B2F5C09009F4FDE /* RdioManager.h */ = {isa = PBXFileReference; fileEncoding = 4; lastKnownFileType = sourcecode.c.h; path = RdioManager.h; sourceTree = "<group>"; };
		C830A5131B2F5C09009F4FDE /* RdioManager.m */ = {isa = PBXFileReference; fileEncoding = 4; lastKnownFileType = sourcecode.c.objc; path = RdioManager.m; sourceTree = "<group>"; };
		C830A5151B2F7ED9009F4FDE /* MainViewController.h */ = {isa = PBXFileReference; fileEncoding = 4; lastKnownFileType = sourcecode.c.h; path = MainViewController.h; sourceTree = "<group>"; };
		C830A5161B2F7ED9009F4FDE /* MainViewController.m */ = {isa = PBXFileReference; fileEncoding = 4; lastKnownFileType = sourcecode.c.objc; path = MainViewController.m; sourceTree = "<group>"; };
		C830A5181B2F7EFC009F4FDE /* PlaylistController.h */ = {isa = PBXFileReference; fileEncoding = 4; lastKnownFileType = sourcecode.c.h; path = PlaylistController.h; sourceTree = "<group>"; };
		C830A5191B2F7EFC009F4FDE /* PlaylistController.m */ = {isa = PBXFileReference; fileEncoding = 4; lastKnownFileType = sourcecode.c.objc; path = PlaylistController.m; sourceTree = "<group>"; };
		C830A51B1B2F7F29009F4FDE /* DetailViewController.h */ = {isa = PBXFileReference; fileEncoding = 4; lastKnownFileType = sourcecode.c.h; path = DetailViewController.h; sourceTree = "<group>"; };
		C830A51C1B2F7F29009F4FDE /* DetailViewController.m */ = {isa = PBXFileReference; fileEncoding = 4; lastKnownFileType = sourcecode.c.objc; path = DetailViewController.m; sourceTree = "<group>"; };
		C86F15371B309A85003745BD /* ArtworkView.h */ = {isa = PBXFileReference; fileEncoding = 4; lastKnownFileType = sourcecode.c.h; path = ArtworkView.h; sourceTree = "<group>"; };
		C86F15381B309A85003745BD /* ArtworkView.m */ = {isa = PBXFileReference; fileEncoding = 4; lastKnownFileType = sourcecode.c.objc; path = ArtworkView.m; sourceTree = "<group>"; };
		C8A70FA11B31E83000F97BBC /* ArtworkContainerController.h */ = {isa = PBXFileReference; fileEncoding = 4; lastKnownFileType = sourcecode.c.h; path = ArtworkContainerController.h; sourceTree = "<group>"; };
		C8A70FA21B31E83000F97BBC /* ArtworkContainerController.m */ = {isa = PBXFileReference; fileEncoding = 4; lastKnownFileType = sourcecode.c.objc; path = ArtworkContainerController.m; sourceTree = "<group>"; };
		D3E32001139EC784739468C3 /* Pods-SongDecider.release.xcconfig */ = {isa = PBXFileReference; includeInIndex = 1; lastKnownFileType = text.xcconfig; name = "Pods-SongDecider.release.xcconfig"; path = "Pods/Target Support Files/Pods-SongDecider/Pods-SongDecider.release.xcconfig"; sourceTree = "<group>"; };
/* End PBXFileReference section */

/* Begin PBXFrameworksBuildPhase section */
		C8261FAD1B2CD97F00CD0C5B /* Frameworks */ = {
			isa = PBXFrameworksBuildPhase;
			buildActionMask = 2147483647;
			files = (
				C8261FE81B2CE86A00CD0C5B /* Rdio.framework in Frameworks */,
				C8261FE61B2CE80400CD0C5B /* SystemConfiguration.framework in Frameworks */,
				C8261FE41B2CE7F700CD0C5B /* Security.framework in Frameworks */,
				C8261FE21B2CE7EE00CD0C5B /* CoreMedia.framework in Frameworks */,
				C8261FE01B2CE7E900CD0C5B /* CoreGraphics.framework in Frameworks */,
				C8261FDE1B2CE7DC00CD0C5B /* CFNetwork.framework in Frameworks */,
				C8261FDC1B2CE7D700CD0C5B /* AudioToolbox.framework in Frameworks */,
				6C609FBDEB0A985B9CF83F5A /* libPods-SongDecider.a in Frameworks */,
			);
			runOnlyForDeploymentPostprocessing = 0;
		};
		C8261FC61B2CD98000CD0C5B /* Frameworks */ = {
			isa = PBXFrameworksBuildPhase;
			buildActionMask = 2147483647;
			files = (
			);
			runOnlyForDeploymentPostprocessing = 0;
		};
/* End PBXFrameworksBuildPhase section */

/* Begin PBXGroup section */
		001126CF7D585C950D52A5F1 /* Pods */ = {
			isa = PBXGroup;
			children = (
				ACDE25E59A6210BD28FF8E0B /* Pods-SongDecider.debug.xcconfig */,
				D3E32001139EC784739468C3 /* Pods-SongDecider.release.xcconfig */,
			);
			name = Pods;
			sourceTree = "<group>";
		};
		C8261FA71B2CD97F00CD0C5B = {
			isa = PBXGroup;
			children = (
				C8261FE71B2CE86A00CD0C5B /* Rdio.framework */,
				C8261FB21B2CD97F00CD0C5B /* SongDecider */,
				C8261FCC1B2CD98000CD0C5B /* SongDeciderTests */,
				C8261FB11B2CD97F00CD0C5B /* Products */,
				001126CF7D585C950D52A5F1 /* Pods */,
				DBD438D9CFD8DD2CEA546463 /* Frameworks */,
			);
			sourceTree = "<group>";
		};
		C8261FB11B2CD97F00CD0C5B /* Products */ = {
			isa = PBXGroup;
			children = (
				C8261FB01B2CD97F00CD0C5B /* Adio.app */,
				C8261FC91B2CD98000CD0C5B /* AdioTests.xctest */,
			);
			name = Products;
			sourceTree = "<group>";
		};
		C8261FB21B2CD97F00CD0C5B /* SongDecider */ = {
			isa = PBXGroup;
			children = (
				C830A5121B2F5C09009F4FDE /* RdioManager.h */,
				C830A5131B2F5C09009F4FDE /* RdioManager.m */,
				C8261FB71B2CD97F00CD0C5B /* AppDelegate.h */,
				C8261FB81B2CD97F00CD0C5B /* AppDelegate.m */,
				964BE7BB1B2F8A24000B6DB2 /* Song.h */,
				964BE7BC1B2F8A24000B6DB2 /* Song.m */,
				965C21331B38B74300B3B76F /* Genre.h */,
				965C21341B38B74300B3B76F /* Genre.m */,
				9694062F1B3B684600C63E72 /* Playlist.h */,
				969406301B3B684600C63E72 /* Playlist.m */,
				C86F15371B309A85003745BD /* ArtworkView.h */,
				C86F15381B309A85003745BD /* ArtworkView.m */,
				C830A51E1B2F7F3F009F4FDE /* View Controllers */,
				C8261FBD1B2CD97F00CD0C5B /* Main.storyboard */,
				C8261FC01B2CD97F00CD0C5B /* Images.xcassets */,
				C8261FC21B2CD97F00CD0C5B /* LaunchScreen.xib */,
				C8261FB31B2CD97F00CD0C5B /* Supporting Files */,
			);
			path = SongDecider;
			sourceTree = "<group>";
		};
		C8261FB31B2CD97F00CD0C5B /* Supporting Files */ = {
			isa = PBXGroup;
			children = (
				C8261FB41B2CD97F00CD0C5B /* Info.plist */,
				9674668F1B55AA7700EC17DE /* GenreList.plist */,
				C8261FB51B2CD97F00CD0C5B /* main.m */,
			);
			name = "Supporting Files";
			sourceTree = "<group>";
		};
		C8261FCC1B2CD98000CD0C5B /* SongDeciderTests */ = {
			isa = PBXGroup;
			children = (
				C8261FCF1B2CD98000CD0C5B /* SongDeciderTests.m */,
				C8261FCD1B2CD98000CD0C5B /* Supporting Files */,
			);
			path = SongDeciderTests;
			sourceTree = "<group>";
		};
		C8261FCD1B2CD98000CD0C5B /* Supporting Files */ = {
			isa = PBXGroup;
			children = (
				C8261FCE1B2CD98000CD0C5B /* Info.plist */,
			);
			name = "Supporting Files";
			sourceTree = "<group>";
		};
		C830A51E1B2F7F3F009F4FDE /* View Controllers */ = {
			isa = PBXGroup;
			children = (
				C8A70FA11B31E83000F97BBC /* ArtworkContainerController.h */,
				C8A70FA21B31E83000F97BBC /* ArtworkContainerController.m */,
				C8261FBA1B2CD97F00CD0C5B /* LoginController.h */,
				C8261FBB1B2CD97F00CD0C5B /* LoginController.m */,
				C830A5151B2F7ED9009F4FDE /* MainViewController.h */,
				C830A5161B2F7ED9009F4FDE /* MainViewController.m */,
				965C21301B38B6FA00B3B76F /* GenreCell.h */,
				965C21311B38B6FA00B3B76F /* GenreCell.m */,
				C830A5181B2F7EFC009F4FDE /* PlaylistController.h */,
				C830A5191B2F7EFC009F4FDE /* PlaylistController.m */,
				96972EA91B31044100502227 /* PlaylistCell.h */,
				96972EAA1B31044100502227 /* PlaylistCell.m */,
				C830A51B1B2F7F29009F4FDE /* DetailViewController.h */,
				C830A51C1B2F7F29009F4FDE /* DetailViewController.m */,
			);
			name = "View Controllers";
			sourceTree = "<group>";
		};
		DBD438D9CFD8DD2CEA546463 /* Frameworks */ = {
			isa = PBXGroup;
			children = (
				C8261FE51B2CE80400CD0C5B /* SystemConfiguration.framework */,
				C8261FE31B2CE7F700CD0C5B /* Security.framework */,
				C8261FE11B2CE7EE00CD0C5B /* CoreMedia.framework */,
				C8261FDF1B2CE7E900CD0C5B /* CoreGraphics.framework */,
				C8261FDD1B2CE7DC00CD0C5B /* CFNetwork.framework */,
				C8261FDB1B2CE7D700CD0C5B /* AudioToolbox.framework */,
				B037ECEC7792572C7ADB42DF /* libPods-SongDecider.a */,
			);
			name = Frameworks;
			sourceTree = "<group>";
		};
/* End PBXGroup section */

/* Begin PBXNativeTarget section */
		C8261FAF1B2CD97F00CD0C5B /* Adio */ = {
			isa = PBXNativeTarget;
			buildConfigurationList = C8261FD31B2CD98000CD0C5B /* Build configuration list for PBXNativeTarget "Adio" */;
			buildPhases = (
				C07BD84773CDFA4F2C288AEE /* Check Pods Manifest.lock */,
				C8261FAC1B2CD97F00CD0C5B /* Sources */,
				C8261FAD1B2CD97F00CD0C5B /* Frameworks */,
				C8261FAE1B2CD97F00CD0C5B /* Resources */,
				DC9F990ADB00E48FFF9B17F2 /* Copy Pods Resources */,
			);
			buildRules = (
			);
			dependencies = (
			);
			name = Adio;
			productName = SongDecider;
			productReference = C8261FB01B2CD97F00CD0C5B /* Adio.app */;
			productType = "com.apple.product-type.application";
		};
		C8261FC81B2CD98000CD0C5B /* AdioTests */ = {
			isa = PBXNativeTarget;
			buildConfigurationList = C8261FD61B2CD98000CD0C5B /* Build configuration list for PBXNativeTarget "AdioTests" */;
			buildPhases = (
				C8261FC51B2CD98000CD0C5B /* Sources */,
				C8261FC61B2CD98000CD0C5B /* Frameworks */,
				C8261FC71B2CD98000CD0C5B /* Resources */,
			);
			buildRules = (
			);
			dependencies = (
				C8261FCB1B2CD98000CD0C5B /* PBXTargetDependency */,
			);
			name = AdioTests;
			productName = SongDeciderTests;
			productReference = C8261FC91B2CD98000CD0C5B /* AdioTests.xctest */;
			productType = "com.apple.product-type.bundle.unit-test";
		};
/* End PBXNativeTarget section */

/* Begin PBXProject section */
		C8261FA81B2CD97F00CD0C5B /* Project object */ = {
			isa = PBXProject;
			attributes = {
				LastUpgradeCheck = 0630;
				ORGANIZATIONNAME = "Aaron Williams";
				TargetAttributes = {
					C8261FAF1B2CD97F00CD0C5B = {
						CreatedOnToolsVersion = 6.3.2;
					};
					C8261FC81B2CD98000CD0C5B = {
						CreatedOnToolsVersion = 6.3.2;
						TestTargetID = C8261FAF1B2CD97F00CD0C5B;
					};
				};
			};
			buildConfigurationList = C8261FAB1B2CD97F00CD0C5B /* Build configuration list for PBXProject "Adio" */;
			compatibilityVersion = "Xcode 3.2";
			developmentRegion = English;
			hasScannedForEncodings = 0;
			knownRegions = (
				en,
				Base,
			);
			mainGroup = C8261FA71B2CD97F00CD0C5B;
			productRefGroup = C8261FB11B2CD97F00CD0C5B /* Products */;
			projectDirPath = "";
			projectRoot = "";
			targets = (
				C8261FAF1B2CD97F00CD0C5B /* Adio */,
				C8261FC81B2CD98000CD0C5B /* AdioTests */,
			);
		};
/* End PBXProject section */

/* Begin PBXResourcesBuildPhase section */
		C8261FAE1B2CD97F00CD0C5B /* Resources */ = {
			isa = PBXResourcesBuildPhase;
			buildActionMask = 2147483647;
			files = (
				C8261FBF1B2CD97F00CD0C5B /* Main.storyboard in Resources */,
				C8261FC41B2CD97F00CD0C5B /* LaunchScreen.xib in Resources */,
				967466901B55AA7700EC17DE /* GenreList.plist in Resources */,
				C8261FC11B2CD97F00CD0C5B /* Images.xcassets in Resources */,
			);
			runOnlyForDeploymentPostprocessing = 0;
		};
		C8261FC71B2CD98000CD0C5B /* Resources */ = {
			isa = PBXResourcesBuildPhase;
			buildActionMask = 2147483647;
			files = (
			);
			runOnlyForDeploymentPostprocessing = 0;
		};
/* End PBXResourcesBuildPhase section */

/* Begin PBXShellScriptBuildPhase section */
		C07BD84773CDFA4F2C288AEE /* Check Pods Manifest.lock */ = {
			isa = PBXShellScriptBuildPhase;
			buildActionMask = 2147483647;
			files = (
			);
			inputPaths = (
			);
			name = "Check Pods Manifest.lock";
			outputPaths = (
			);
			runOnlyForDeploymentPostprocessing = 0;
			shellPath = /bin/sh;
			shellScript = "diff \"${PODS_ROOT}/../Podfile.lock\" \"${PODS_ROOT}/Manifest.lock\" > /dev/null\nif [[ $? != 0 ]] ; then\n    cat << EOM\nerror: The sandbox is not in sync with the Podfile.lock. Run 'pod install' or update your CocoaPods installation.\nEOM\n    exit 1\nfi\n";
			showEnvVarsInLog = 0;
		};
		DC9F990ADB00E48FFF9B17F2 /* Copy Pods Resources */ = {
			isa = PBXShellScriptBuildPhase;
			buildActionMask = 2147483647;
			files = (
			);
			inputPaths = (
			);
			name = "Copy Pods Resources";
			outputPaths = (
			);
			runOnlyForDeploymentPostprocessing = 0;
			shellPath = /bin/sh;
			shellScript = "\"${SRCROOT}/Pods/Target Support Files/Pods-SongDecider/Pods-SongDecider-resources.sh\"\n";
			showEnvVarsInLog = 0;
		};
/* End PBXShellScriptBuildPhase section */

/* Begin PBXSourcesBuildPhase section */
		C8261FAC1B2CD97F00CD0C5B /* Sources */ = {
			isa = PBXSourcesBuildPhase;
			buildActionMask = 2147483647;
			files = (
				964BE7BD1B2F8A24000B6DB2 /* Song.m in Sources */,
				C830A5141B2F5C09009F4FDE /* RdioManager.m in Sources */,
				C830A51A1B2F7EFC009F4FDE /* PlaylistController.m in Sources */,
				965C21321B38B6FA00B3B76F /* GenreCell.m in Sources */,
				C8261FBC1B2CD97F00CD0C5B /* LoginController.m in Sources */,
				C8261FB91B2CD97F00CD0C5B /* AppDelegate.m in Sources */,
				C830A5171B2F7ED9009F4FDE /* MainViewController.m in Sources */,
				C8A70FA31B31E83000F97BBC /* ArtworkContainerController.m in Sources */,
				C8261FB61B2CD97F00CD0C5B /* main.m in Sources */,
				969406311B3B684600C63E72 /* Playlist.m in Sources */,
				C830A51D1B2F7F29009F4FDE /* DetailViewController.m in Sources */,
				C86F15391B309A85003745BD /* ArtworkView.m in Sources */,
				96972EAB1B31044100502227 /* PlaylistCell.m in Sources */,
				965C21351B38B74300B3B76F /* Genre.m in Sources */,
			);
			runOnlyForDeploymentPostprocessing = 0;
		};
		C8261FC51B2CD98000CD0C5B /* Sources */ = {
			isa = PBXSourcesBuildPhase;
			buildActionMask = 2147483647;
			files = (
				C8261FD01B2CD98000CD0C5B /* SongDeciderTests.m in Sources */,
			);
			runOnlyForDeploymentPostprocessing = 0;
		};
/* End PBXSourcesBuildPhase section */

/* Begin PBXTargetDependency section */
		C8261FCB1B2CD98000CD0C5B /* PBXTargetDependency */ = {
			isa = PBXTargetDependency;
			target = C8261FAF1B2CD97F00CD0C5B /* Adio */;
			targetProxy = C8261FCA1B2CD98000CD0C5B /* PBXContainerItemProxy */;
		};
/* End PBXTargetDependency section */

/* Begin PBXVariantGroup section */
		C8261FBD1B2CD97F00CD0C5B /* Main.storyboard */ = {
			isa = PBXVariantGroup;
			children = (
				C8261FBE1B2CD97F00CD0C5B /* Base */,
			);
			name = Main.storyboard;
			sourceTree = "<group>";
		};
		C8261FC21B2CD97F00CD0C5B /* LaunchScreen.xib */ = {
			isa = PBXVariantGroup;
			children = (
				C8261FC31B2CD97F00CD0C5B /* Base */,
			);
			name = LaunchScreen.xib;
			sourceTree = "<group>";
		};
/* End PBXVariantGroup section */

/* Begin XCBuildConfiguration section */
		C8261FD11B2CD98000CD0C5B /* Debug */ = {
			isa = XCBuildConfiguration;
			buildSettings = {
				ALWAYS_SEARCH_USER_PATHS = NO;
				CLANG_CXX_LANGUAGE_STANDARD = "gnu++0x";
				CLANG_CXX_LIBRARY = "libc++";
				CLANG_ENABLE_MODULES = YES;
				CLANG_ENABLE_OBJC_ARC = YES;
				CLANG_WARN_BOOL_CONVERSION = YES;
				CLANG_WARN_CONSTANT_CONVERSION = YES;
				CLANG_WARN_DIRECT_OBJC_ISA_USAGE = YES_ERROR;
				CLANG_WARN_EMPTY_BODY = YES;
				CLANG_WARN_ENUM_CONVERSION = YES;
				CLANG_WARN_INT_CONVERSION = YES;
				CLANG_WARN_OBJC_ROOT_CLASS = YES_ERROR;
				CLANG_WARN_UNREACHABLE_CODE = YES;
				CLANG_WARN__DUPLICATE_METHOD_MATCH = YES;
				"CODE_SIGN_IDENTITY[sdk=iphoneos*]" = "iPhone Developer";
				COPY_PHASE_STRIP = NO;
				DEBUG_INFORMATION_FORMAT = "dwarf-with-dsym";
				ENABLE_STRICT_OBJC_MSGSEND = YES;
				GCC_C_LANGUAGE_STANDARD = gnu99;
				GCC_DYNAMIC_NO_PIC = NO;
				GCC_NO_COMMON_BLOCKS = YES;
				GCC_OPTIMIZATION_LEVEL = 0;
				GCC_PREPROCESSOR_DEFINITIONS = (
					"DEBUG=1",
					"$(inherited)",
				);
				GCC_SYMBOLS_PRIVATE_EXTERN = NO;
				GCC_WARN_64_TO_32_BIT_CONVERSION = YES;
				GCC_WARN_ABOUT_RETURN_TYPE = YES_ERROR;
				GCC_WARN_UNDECLARED_SELECTOR = YES;
				GCC_WARN_UNINITIALIZED_AUTOS = YES_AGGRESSIVE;
				GCC_WARN_UNUSED_FUNCTION = YES;
				GCC_WARN_UNUSED_VARIABLE = YES;
				IPHONEOS_DEPLOYMENT_TARGET = 8.3;
				MTL_ENABLE_DEBUG_INFO = YES;
				ONLY_ACTIVE_ARCH = YES;
				SDKROOT = iphoneos;
				TARGETED_DEVICE_FAMILY = "1,2";
			};
			name = Debug;
		};
		C8261FD21B2CD98000CD0C5B /* Release */ = {
			isa = XCBuildConfiguration;
			buildSettings = {
				ALWAYS_SEARCH_USER_PATHS = NO;
				CLANG_CXX_LANGUAGE_STANDARD = "gnu++0x";
				CLANG_CXX_LIBRARY = "libc++";
				CLANG_ENABLE_MODULES = YES;
				CLANG_ENABLE_OBJC_ARC = YES;
				CLANG_WARN_BOOL_CONVERSION = YES;
				CLANG_WARN_CONSTANT_CONVERSION = YES;
				CLANG_WARN_DIRECT_OBJC_ISA_USAGE = YES_ERROR;
				CLANG_WARN_EMPTY_BODY = YES;
				CLANG_WARN_ENUM_CONVERSION = YES;
				CLANG_WARN_INT_CONVERSION = YES;
				CLANG_WARN_OBJC_ROOT_CLASS = YES_ERROR;
				CLANG_WARN_UNREACHABLE_CODE = YES;
				CLANG_WARN__DUPLICATE_METHOD_MATCH = YES;
				"CODE_SIGN_IDENTITY[sdk=iphoneos*]" = "iPhone Developer";
				COPY_PHASE_STRIP = NO;
				DEBUG_INFORMATION_FORMAT = "dwarf-with-dsym";
				ENABLE_NS_ASSERTIONS = NO;
				ENABLE_STRICT_OBJC_MSGSEND = YES;
				GCC_C_LANGUAGE_STANDARD = gnu99;
				GCC_NO_COMMON_BLOCKS = YES;
				GCC_WARN_64_TO_32_BIT_CONVERSION = YES;
				GCC_WARN_ABOUT_RETURN_TYPE = YES_ERROR;
				GCC_WARN_UNDECLARED_SELECTOR = YES;
				GCC_WARN_UNINITIALIZED_AUTOS = YES_AGGRESSIVE;
				GCC_WARN_UNUSED_FUNCTION = YES;
				GCC_WARN_UNUSED_VARIABLE = YES;
				IPHONEOS_DEPLOYMENT_TARGET = 8.3;
				MTL_ENABLE_DEBUG_INFO = NO;
				SDKROOT = iphoneos;
				TARGETED_DEVICE_FAMILY = "1,2";
				VALIDATE_PRODUCT = YES;
			};
			name = Release;
		};
		C8261FD41B2CD98000CD0C5B /* Debug */ = {
			isa = XCBuildConfiguration;
			baseConfigurationReference = ACDE25E59A6210BD28FF8E0B /* Pods-SongDecider.debug.xcconfig */;
			buildSettings = {
				ASSETCATALOG_COMPILER_APPICON_NAME = AppIcon;
				FRAMEWORK_SEARCH_PATHS = (
					"$(inherited)",
					"$(PROJECT_DIR)",
				);
				INFOPLIST_FILE = SongDecider/Info.plist;
				LD_RUNPATH_SEARCH_PATHS = "$(inherited) @executable_path/Frameworks";
				PRODUCT_NAME = Adio;
				TARGETED_DEVICE_FAMILY = 1;
			};
			name = Debug;
		};
		C8261FD51B2CD98000CD0C5B /* Release */ = {
			isa = XCBuildConfiguration;
			baseConfigurationReference = D3E32001139EC784739468C3 /* Pods-SongDecider.release.xcconfig */;
			buildSettings = {
				ASSETCATALOG_COMPILER_APPICON_NAME = AppIcon;
				FRAMEWORK_SEARCH_PATHS = (
					"$(inherited)",
					"$(PROJECT_DIR)",
				);
				INFOPLIST_FILE = SongDecider/Info.plist;
				LD_RUNPATH_SEARCH_PATHS = "$(inherited) @executable_path/Frameworks";
				PRODUCT_NAME = Adio;
				TARGETED_DEVICE_FAMILY = 1;
			};
			name = Release;
		};
		C8261FD71B2CD98000CD0C5B /* Debug */ = {
			isa = XCBuildConfiguration;
			buildSettings = {
				BUNDLE_LOADER = "";
				FRAMEWORK_SEARCH_PATHS = (
					"$(SDKROOT)/Developer/Library/Frameworks",
					"$(inherited)",
				);
				GCC_PREPROCESSOR_DEFINITIONS = (
					"DEBUG=1",
					"$(inherited)",
				);
				INFOPLIST_FILE = SongDeciderTests/Info.plist;
				LD_RUNPATH_SEARCH_PATHS = "$(inherited) @executable_path/Frameworks @loader_path/Frameworks";
				PRODUCT_NAME = AdioTests;
				TEST_HOST = "$(BUILT_PRODUCTS_DIR)/SongDecider.app/SongDecider";
			};
			name = Debug;
		};
		C8261FD81B2CD98000CD0C5B /* Release */ = {
			isa = XCBuildConfiguration;
			buildSettings = {
				BUNDLE_LOADER = "";
				FRAMEWORK_SEARCH_PATHS = (
					"$(SDKROOT)/Developer/Library/Frameworks",
					"$(inherited)",
				);
				INFOPLIST_FILE = SongDeciderTests/Info.plist;
				LD_RUNPATH_SEARCH_PATHS = "$(inherited) @executable_path/Frameworks @loader_path/Frameworks";
				PRODUCT_NAME = AdioTests;
				TEST_HOST = "$(BUILT_PRODUCTS_DIR)/SongDecider.app/SongDecider";
			};
			name = Release;
		};
/* End XCBuildConfiguration section */

/* Begin XCConfigurationList section */
		C8261FAB1B2CD97F00CD0C5B /* Build configuration list for PBXProject "Adio" */ = {
			isa = XCConfigurationList;
			buildConfigurations = (
				C8261FD11B2CD98000CD0C5B /* Debug */,
				C8261FD21B2CD98000CD0C5B /* Release */,
			);
			defaultConfigurationIsVisible = 0;
			defaultConfigurationName = Release;
		};
		C8261FD31B2CD98000CD0C5B /* Build configuration list for PBXNativeTarget "Adio" */ = {
			isa = XCConfigurationList;
			buildConfigurations = (
				C8261FD41B2CD98000CD0C5B /* Debug */,
				C8261FD51B2CD98000CD0C5B /* Release */,
			);
			defaultConfigurationIsVisible = 0;
			defaultConfigurationName = Release;
		};
		C8261FD61B2CD98000CD0C5B /* Build configuration list for PBXNativeTarget "AdioTests" */ = {
			isa = XCConfigurationList;
			buildConfigurations = (
				C8261FD71B2CD98000CD0C5B /* Debug */,
				C8261FD81B2CD98000CD0C5B /* Release */,
			);
			defaultConfigurationIsVisible = 0;
			defaultConfigurationName = Release;
		};
/* End XCConfigurationList section */
	};
	rootObject = C8261FA81B2CD97F00CD0C5B /* Project object */;
}
